{
  "originHash" : "813f35598a8fa9c931a22f18a3f20117f2e42931ac2373c546c2e0f4df7e2d65",
  "pins" : [
    {
      "identity" : "dittoswiftpackage",
      "kind" : "remoteSourceControl",
      "location" : "https://github.com/getditto/DittoSwiftPackage",
      "state" : {
        "revision" : "1e256af083945965a663d563b6196b8dcadea73e",
        "version" : "4.8.2"
      }
    },
    {
      "identity" : "dittoswifttools",
      "kind" : "remoteSourceControl",
      "location" : "https://github.com/getditto/DittoSwiftTools.git",
      "state" : {
        "revision" : "756a3bf761da352646851f7d45481dc4a790d0d2",
        "version" : "6.0.0"
      }
    },
    {
      "identity" : "swift-collections",
      "kind" : "remoteSourceControl",
      "location" : "https://github.com/apple/swift-collections",
      "state" : {
        "revision" : "a902f1823a7ff3c9ab2fba0f992396b948eda307",
        "version" : "1.0.5"
      }
    }
  ],
  "version" : 3
}
