// !$*UTF8*$!
{
	archiveVersion = 1;
	classes = {
	};
	objectVersion = 56;
	objects = {

/* Begin PBXBuildFile section */
		0E1E919B2BA0E40800046BC0 /* DittoDataBrowser in Frameworks */ = {isa = PBXBuildFile; productRef = 0E1E919A2BA0E40800046BC0 /* DittoDataBrowser */; };
		0E1E919D2BA0E40800046BC0 /* DittoDiskUsage in Frameworks */ = {isa = PBXBuildFile; productRef = 0E1E919C2BA0E40800046BC0 /* DittoDiskUsage */; };
		0E1E919F2BA0E40800046BC0 /* DittoExportData in Frameworks */ = {isa = PBXBuildFile; productRef = 0E1E919E2BA0E40800046BC0 /* DittoExportData */; };
		0E1E91A12BA0E40800046BC0 /* DittoExportLogs in Frameworks */ = {isa = PBXBuildFile; productRef = 0E1E91A02BA0E40800046BC0 /* DittoExportLogs */; };
		0E1E91A32BA0E40800046BC0 /* DittoHeartbeat in Frameworks */ = {isa = PBXBuildFile; productRef = 0E1E91A22BA0E40800046BC0 /* DittoHeartbeat */; };
		0E1E91A52BA0E40800046BC0 /* DittoPeersList in Frameworks */ = {isa = PBXBuildFile; productRef = 0E1E91A42BA0E40800046BC0 /* DittoPeersList */; };
		0E1E91A72BA0E40800046BC0 /* DittoPermissionsHealth in Frameworks */ = {isa = PBXBuildFile; productRef = 0E1E91A62BA0E40800046BC0 /* DittoPermissionsHealth */; };
		0E1E91A92BA0E40800046BC0 /* DittoPresenceDegradation in Frameworks */ = {isa = PBXBuildFile; productRef = 0E1E91A82BA0E40800046BC0 /* DittoPresenceDegradation */; };
		0E1E91AB2BA0E40800046BC0 /* DittoPresenceViewer in Frameworks */ = {isa = PBXBuildFile; productRef = 0E1E91AA2BA0E40800046BC0 /* DittoPresenceViewer */; };
		0E1E91AD2BA0FC9300046BC0 /* LogFileConfig.swift in Sources */ = {isa = PBXBuildFile; fileRef = 0E1E91AC2BA0FC9300046BC0 /* LogFileConfig.swift */; };
		112311FF2B3DBA0100A04E44 /* DittoExtensions.swift in Sources */ = {isa = PBXBuildFile; fileRef = 112311FE2B3DBA0100A04E44 /* DittoExtensions.swift */; };
		14039BEE2A465F37001903ED /* POSOrderTotalView.swift in Sources */ = {isa = PBXBuildFile; fileRef = 14039BED2A465F37001903ED /* POSOrderTotalView.swift */; };
		14039BF02A4789AE001903ED /* CurrencyUtils.swift in Sources */ = {isa = PBXBuildFile; fileRef = 14039BEF2A4789AE001903ED /* CurrencyUtils.swift */; };
		140421CF2B9AB6B800778C1B /* AdvancedSettings.swift in Sources */ = {isa = PBXBuildFile; fileRef = 140421CE2B9AB6B700778C1B /* AdvancedSettings.swift */; };
		1414DEC22AA0F8D600D9CE87 /* KDSOrderItemView.swift in Sources */ = {isa = PBXBuildFile; fileRef = 1414DEC12AA0F8D600D9CE87 /* KDSOrderItemView.swift */; };
		1435D5AF2A8EC7270046B661 /* DittoSwift in Frameworks */ = {isa = PBXBuildFile; productRef = 1435D5AE2A8EC7270046B661 /* DittoSwift */; };
		1460E33B2A93DA5D007A2A6D /* KDSOrderView.swift in Sources */ = {isa = PBXBuildFile; fileRef = 1460E33A2A93DA5D007A2A6D /* KDSOrderView.swift */; };
		1460E33D2A93DCC8007A2A6D /* KDS_VM.swift in Sources */ = {isa = PBXBuildFile; fileRef = 1460E33C2A93DCC8007A2A6D /* KDS_VM.swift */; };
		148071162A8C2E930091EC03 /* SettingsView.swift in Sources */ = {isa = PBXBuildFile; fileRef = 148071152A8C2E930091EC03 /* SettingsView.swift */; };
		148071182A8C2E9E0091EC03 /* DittoToolsListItem.swift in Sources */ = {isa = PBXBuildFile; fileRef = 148071172A8C2E9E0091EC03 /* DittoToolsListItem.swift */; };
		149CABC62A32C43700729331 /* Env.swift in Sources */ = {isa = PBXBuildFile; fileRef = 149CABC52A32C43700729331 /* Env.swift */; };
		14AB43852AD713EF00E58566 /* CustomLocationScreen.swift in Sources */ = {isa = PBXBuildFile; fileRef = 14AB43832AD713EF00E58566 /* CustomLocationScreen.swift */; };
		14AB43882AD71FE900E58566 /* CustomLocation.swift in Sources */ = {isa = PBXBuildFile; fileRef = 14AB43872AD71FE900E58566 /* CustomLocation.swift */; };
		14CD51B12A2FE2D50018DE87 /* DittoPOS.swift in Sources */ = {isa = PBXBuildFile; fileRef = 14CD51B02A2FE2D50018DE87 /* DittoPOS.swift */; };
		14CD51B32A2FE2D50018DE87 /* MainView.swift in Sources */ = {isa = PBXBuildFile; fileRef = 14CD51B22A2FE2D50018DE87 /* MainView.swift */; };
		14CD51B52A2FE2D60018DE87 /* Assets.xcassets in Resources */ = {isa = PBXBuildFile; fileRef = 14CD51B42A2FE2D60018DE87 /* Assets.xcassets */; };
		14CD51B82A2FE2D60018DE87 /* Preview Assets.xcassets in Resources */ = {isa = PBXBuildFile; fileRef = 14CD51B72A2FE2D60018DE87 /* Preview Assets.xcassets */; };
		14CD51BF2A2FE3EE0018DE87 /* DittoService.swift in Sources */ = {isa = PBXBuildFile; fileRef = 14CD51BE2A2FE3EE0018DE87 /* DittoService.swift */; };
		14CD51C62A2FE58E0018DE87 /* DittoObjC in Frameworks */ = {isa = PBXBuildFile; productRef = 14CD51C52A2FE58E0018DE87 /* DittoObjC */; };
		14DECF062A3A68B0005BC2AE /* Location.swift in Sources */ = {isa = PBXBuildFile; fileRef = 14DECF052A3A68B0005BC2AE /* Location.swift */; };
		14DECF082A3A7F76005BC2AE /* Order.swift in Sources */ = {isa = PBXBuildFile; fileRef = 14DECF072A3A7F76005BC2AE /* Order.swift */; };
		14DECF0A2A3B92D5005BC2AE /* Transaction.swift in Sources */ = {isa = PBXBuildFile; fileRef = 14DECF092A3B92D5005BC2AE /* Transaction.swift */; };
		14DECF0D2A3BDC27005BC2AE /* POSView.swift in Sources */ = {isa = PBXBuildFile; fileRef = 14DECF0C2A3BDC27005BC2AE /* POSView.swift */; };
		14DECF0F2A3BDC31005BC2AE /* KDSView.swift in Sources */ = {isa = PBXBuildFile; fileRef = 14DECF0E2A3BDC31005BC2AE /* KDSView.swift */; };
		14DECF112A3BDC3A005BC2AE /* LocationsView.swift in Sources */ = {isa = PBXBuildFile; fileRef = 14DECF102A3BDC3A005BC2AE /* LocationsView.swift */; };
		14DECF152A3CCAB6005BC2AE /* POS_VM.swift in Sources */ = {isa = PBXBuildFile; fileRef = 14DECF142A3CCAB6005BC2AE /* POS_VM.swift */; };
		14DECF172A3CFF7D005BC2AE /* SaleItem.swift in Sources */ = {isa = PBXBuildFile; fileRef = 14DECF162A3CFF7D005BC2AE /* SaleItem.swift */; };
		14DECF192A3D1254005BC2AE /* SaleItemView.swift in Sources */ = {isa = PBXBuildFile; fileRef = 14DECF182A3D1254005BC2AE /* SaleItemView.swift */; };
		14DECF1B2A3D13CF005BC2AE /* POSGridView.swift in Sources */ = {isa = PBXBuildFile; fileRef = 14DECF1A2A3D13CF005BC2AE /* POSGridView.swift */; };
		14DECF1D2A3D13D9005BC2AE /* POSOrderView.swift in Sources */ = {isa = PBXBuildFile; fileRef = 14DECF1C2A3D13D9005BC2AE /* POSOrderView.swift */; };
		14DECF1F2A3D13F0005BC2AE /* Utils.swift in Sources */ = {isa = PBXBuildFile; fileRef = 14DECF1E2A3D13F0005BC2AE /* Utils.swift */; };
		14DECF212A3D16DF005BC2AE /* KDSOrdersGridView.swift in Sources */ = {isa = PBXBuildFile; fileRef = 14DECF202A3D16DF005BC2AE /* KDSOrdersGridView.swift */; };
		14FFFEEF2A43639A00DD6806 /* POSOrderItemView.swift in Sources */ = {isa = PBXBuildFile; fileRef = 14FFFEEE2A43639A00DD6806 /* POSOrderItemView.swift */; };
		14FFFEF12A43732400DD6806 /* SettingsModel.swift in Sources */ = {isa = PBXBuildFile; fileRef = 14FFFEF02A43732400DD6806 /* SettingsModel.swift */; };
/* End PBXBuildFile section */

/* Begin PBXFileReference section */
		0E1E91AC2BA0FC9300046BC0 /* LogFileConfig.swift */ = {isa = PBXFileReference; lastKnownFileType = sourcecode.swift; path = LogFileConfig.swift; sourceTree = "<group>"; };
		112311FE2B3DBA0100A04E44 /* DittoExtensions.swift */ = {isa = PBXFileReference; lastKnownFileType = sourcecode.swift; path = DittoExtensions.swift; sourceTree = "<group>"; };
		14039BED2A465F37001903ED /* POSOrderTotalView.swift */ = {isa = PBXFileReference; lastKnownFileType = sourcecode.swift; path = POSOrderTotalView.swift; sourceTree = "<group>"; };
		14039BEF2A4789AE001903ED /* CurrencyUtils.swift */ = {isa = PBXFileReference; lastKnownFileType = sourcecode.swift; path = CurrencyUtils.swift; sourceTree = "<group>"; };
		140421CE2B9AB6B700778C1B /* AdvancedSettings.swift */ = {isa = PBXFileReference; lastKnownFileType = sourcecode.swift; path = AdvancedSettings.swift; sourceTree = "<group>"; };
		1414DEC12AA0F8D600D9CE87 /* KDSOrderItemView.swift */ = {isa = PBXFileReference; lastKnownFileType = sourcecode.swift; path = KDSOrderItemView.swift; sourceTree = "<group>"; };
		1460E33A2A93DA5D007A2A6D /* KDSOrderView.swift */ = {isa = PBXFileReference; lastKnownFileType = sourcecode.swift; path = KDSOrderView.swift; sourceTree = "<group>"; };
		1460E33C2A93DCC8007A2A6D /* KDS_VM.swift */ = {isa = PBXFileReference; lastKnownFileType = sourcecode.swift; path = KDS_VM.swift; sourceTree = "<group>"; };
		148071152A8C2E930091EC03 /* SettingsView.swift */ = {isa = PBXFileReference; fileEncoding = 4; lastKnownFileType = sourcecode.swift; path = SettingsView.swift; sourceTree = "<group>"; };
		148071172A8C2E9E0091EC03 /* DittoToolsListItem.swift */ = {isa = PBXFileReference; fileEncoding = 4; lastKnownFileType = sourcecode.swift; path = DittoToolsListItem.swift; sourceTree = "<group>"; };
		149CABC52A32C43700729331 /* Env.swift */ = {isa = PBXFileReference; fileEncoding = 4; lastKnownFileType = sourcecode.swift; path = Env.swift; sourceTree = "<group>"; };
		14AB43832AD713EF00E58566 /* CustomLocationScreen.swift */ = {isa = PBXFileReference; fileEncoding = 4; lastKnownFileType = sourcecode.swift; path = CustomLocationScreen.swift; sourceTree = "<group>"; };
		14AB43872AD71FE900E58566 /* CustomLocation.swift */ = {isa = PBXFileReference; lastKnownFileType = sourcecode.swift; path = CustomLocation.swift; sourceTree = "<group>"; };
		14CD51AD2A2FE2D50018DE87 /* DittoPOS.app */ = {isa = PBXFileReference; explicitFileType = wrapper.application; includeInIndex = 0; path = DittoPOS.app; sourceTree = BUILT_PRODUCTS_DIR; };
		14CD51B02A2FE2D50018DE87 /* DittoPOS.swift */ = {isa = PBXFileReference; lastKnownFileType = sourcecode.swift; path = DittoPOS.swift; sourceTree = "<group>"; };
		14CD51B22A2FE2D50018DE87 /* MainView.swift */ = {isa = PBXFileReference; lastKnownFileType = sourcecode.swift; path = MainView.swift; sourceTree = "<group>"; };
		14CD51B42A2FE2D60018DE87 /* Assets.xcassets */ = {isa = PBXFileReference; lastKnownFileType = folder.assetcatalog; path = Assets.xcassets; sourceTree = "<group>"; };
		14CD51B72A2FE2D60018DE87 /* Preview Assets.xcassets */ = {isa = PBXFileReference; lastKnownFileType = folder.assetcatalog; path = "Preview Assets.xcassets"; sourceTree = "<group>"; };
		14CD51BE2A2FE3EE0018DE87 /* DittoService.swift */ = {isa = PBXFileReference; fileEncoding = 4; lastKnownFileType = sourcecode.swift; path = DittoService.swift; sourceTree = "<group>"; };
		14CD51C22A2FE4880018DE87 /* Info.plist */ = {isa = PBXFileReference; lastKnownFileType = text.plist; path = Info.plist; sourceTree = "<group>"; };
		14DECF052A3A68B0005BC2AE /* Location.swift */ = {isa = PBXFileReference; lastKnownFileType = sourcecode.swift; path = Location.swift; sourceTree = "<group>"; };
		14DECF072A3A7F76005BC2AE /* Order.swift */ = {isa = PBXFileReference; lastKnownFileType = sourcecode.swift; path = Order.swift; sourceTree = "<group>"; };
		14DECF092A3B92D5005BC2AE /* Transaction.swift */ = {isa = PBXFileReference; lastKnownFileType = sourcecode.swift; path = Transaction.swift; sourceTree = "<group>"; };
		14DECF0C2A3BDC27005BC2AE /* POSView.swift */ = {isa = PBXFileReference; lastKnownFileType = sourcecode.swift; path = POSView.swift; sourceTree = "<group>"; };
		14DECF0E2A3BDC31005BC2AE /* KDSView.swift */ = {isa = PBXFileReference; lastKnownFileType = sourcecode.swift; path = KDSView.swift; sourceTree = "<group>"; };
		14DECF102A3BDC3A005BC2AE /* LocationsView.swift */ = {isa = PBXFileReference; lastKnownFileType = sourcecode.swift; path = LocationsView.swift; sourceTree = "<group>"; };
		14DECF142A3CCAB6005BC2AE /* POS_VM.swift */ = {isa = PBXFileReference; lastKnownFileType = sourcecode.swift; path = POS_VM.swift; sourceTree = "<group>"; };
		14DECF162A3CFF7D005BC2AE /* SaleItem.swift */ = {isa = PBXFileReference; lastKnownFileType = sourcecode.swift; path = SaleItem.swift; sourceTree = "<group>"; };
		14DECF182A3D1254005BC2AE /* SaleItemView.swift */ = {isa = PBXFileReference; lastKnownFileType = sourcecode.swift; path = SaleItemView.swift; sourceTree = "<group>"; };
		14DECF1A2A3D13CF005BC2AE /* POSGridView.swift */ = {isa = PBXFileReference; lastKnownFileType = sourcecode.swift; path = POSGridView.swift; sourceTree = "<group>"; };
		14DECF1C2A3D13D9005BC2AE /* POSOrderView.swift */ = {isa = PBXFileReference; lastKnownFileType = sourcecode.swift; path = POSOrderView.swift; sourceTree = "<group>"; };
		14DECF1E2A3D13F0005BC2AE /* Utils.swift */ = {isa = PBXFileReference; lastKnownFileType = sourcecode.swift; path = Utils.swift; sourceTree = "<group>"; };
		14DECF202A3D16DF005BC2AE /* KDSOrdersGridView.swift */ = {isa = PBXFileReference; lastKnownFileType = sourcecode.swift; path = KDSOrdersGridView.swift; sourceTree = "<group>"; };
		14FFFEEE2A43639A00DD6806 /* POSOrderItemView.swift */ = {isa = PBXFileReference; lastKnownFileType = sourcecode.swift; path = POSOrderItemView.swift; sourceTree = "<group>"; };
		14FFFEF02A43732400DD6806 /* SettingsModel.swift */ = {isa = PBXFileReference; lastKnownFileType = sourcecode.swift; path = SettingsModel.swift; sourceTree = "<group>"; };
/* End PBXFileReference section */

/* Begin PBXFrameworksBuildPhase section */
		14CD51AA2A2FE2D50018DE87 /* Frameworks */ = {
			isa = PBXFrameworksBuildPhase;
			buildActionMask = 2147483647;
			files = (
				0E1E919B2BA0E40800046BC0 /* DittoDataBrowser in Frameworks */,
				14CD51C62A2FE58E0018DE87 /* DittoObjC in Frameworks */,
				0E1E919D2BA0E40800046BC0 /* DittoDiskUsage in Frameworks */,
				0E1E91A92BA0E40800046BC0 /* DittoPresenceDegradation in Frameworks */,
				0E1E919F2BA0E40800046BC0 /* DittoExportData in Frameworks */,
				0E1E91A12BA0E40800046BC0 /* DittoExportLogs in Frameworks */,
				0E1E91A52BA0E40800046BC0 /* DittoPeersList in Frameworks */,
				0E1E91AB2BA0E40800046BC0 /* DittoPresenceViewer in Frameworks */,
				0E1E91A32BA0E40800046BC0 /* DittoHeartbeat in Frameworks */,
				0E1E91A72BA0E40800046BC0 /* DittoPermissionsHealth in Frameworks */,
				1435D5AF2A8EC7270046B661 /* DittoSwift in Frameworks */,
			);
			runOnlyForDeploymentPostprocessing = 0;
		};
/* End PBXFrameworksBuildPhase section */

/* Begin PBXGroup section */
		14039BEC2A465ECC001903ED /* POS */ = {
			isa = PBXGroup;
			children = (
				14DECF142A3CCAB6005BC2AE /* POS_VM.swift */,
				14DECF1A2A3D13CF005BC2AE /* POSGridView.swift */,
				14FFFEEE2A43639A00DD6806 /* POSOrderItemView.swift */,
				14039BED2A465F37001903ED /* POSOrderTotalView.swift */,
				14DECF1C2A3D13D9005BC2AE /* POSOrderView.swift */,
				14DECF0C2A3BDC27005BC2AE /* POSView.swift */,
				14DECF182A3D1254005BC2AE /* SaleItemView.swift */,
			);
			path = POS;
			sourceTree = "<group>";
		};
		1420B7982A4A23AC00EBF40F /* Locations */ = {
			isa = PBXGroup;
			children = (
				14DECF102A3BDC3A005BC2AE /* LocationsView.swift */,
			);
			path = Locations;
			sourceTree = "<group>";
		};
		1420B7992A4A23CD00EBF40F /* KDS */ = {
			isa = PBXGroup;
			children = (
				1460E33C2A93DCC8007A2A6D /* KDS_VM.swift */,
				14DECF202A3D16DF005BC2AE /* KDSOrdersGridView.swift */,
				1414DEC12AA0F8D600D9CE87 /* KDSOrderItemView.swift */,
				1460E33A2A93DA5D007A2A6D /* KDSOrderView.swift */,
				14DECF0E2A3BDC31005BC2AE /* KDSView.swift */,
			);
			path = KDS;
			sourceTree = "<group>";
		};
		147F43562A37F13300294403 /* Frameworks */ = {
			isa = PBXGroup;
			children = (
			);
			name = Frameworks;
			sourceTree = "<group>";
		};
		14AB43822AD7133900E58566 /* CustomLocation */ = {
			isa = PBXGroup;
			children = (
				14AB43832AD713EF00E58566 /* CustomLocationScreen.swift */,
				14AB43872AD71FE900E58566 /* CustomLocation.swift */,
			);
			path = CustomLocation;
			sourceTree = "<group>";
		};
		14CD51A42A2FE2D50018DE87 = {
			isa = PBXGroup;
			children = (
				14CD51AF2A2FE2D50018DE87 /* DittoPOS */,
				14CD51AE2A2FE2D50018DE87 /* Products */,
				147F43562A37F13300294403 /* Frameworks */,
			);
			sourceTree = "<group>";
		};
		14CD51AE2A2FE2D50018DE87 /* Products */ = {
			isa = PBXGroup;
			children = (
				14CD51AD2A2FE2D50018DE87 /* DittoPOS.app */,
			);
			name = Products;
			sourceTree = "<group>";
		};
		14CD51AF2A2FE2D50018DE87 /* DittoPOS */ = {
			isa = PBXGroup;
			children = (
				14CD51B02A2FE2D50018DE87 /* DittoPOS.swift */,
				14CD51B22A2FE2D50018DE87 /* MainView.swift */,
				14DECF042A3A6868005BC2AE /* Data */,
				1420B7992A4A23CD00EBF40F /* KDS */,
				1420B7982A4A23AC00EBF40F /* Locations */,
				14039BEC2A465ECC001903ED /* POS */,
				14DECF0B2A3BDC0A005BC2AE /* Settings */,
				14AB43822AD7133900E58566 /* CustomLocation */,
				14DECF032A3A6859005BC2AE /* Utilities */,
				149CABC52A32C43700729331 /* Env.swift */,
				14CD51C22A2FE4880018DE87 /* Info.plist */,
				14CD51B42A2FE2D60018DE87 /* Assets.xcassets */,
				14CD51B62A2FE2D60018DE87 /* Preview Content */,
			);
			path = DittoPOS;
			sourceTree = "<group>";
		};
		14CD51B62A2FE2D60018DE87 /* Preview Content */ = {
			isa = PBXGroup;
			children = (
				14CD51B72A2FE2D60018DE87 /* Preview Assets.xcassets */,
			);
			path = "Preview Content";
			sourceTree = "<group>";
		};
		14DECF032A3A6859005BC2AE /* Utilities */ = {
			isa = PBXGroup;
			children = (
				14039BEF2A4789AE001903ED /* CurrencyUtils.swift */,
				14DECF1E2A3D13F0005BC2AE /* Utils.swift */,
			);
			path = Utilities;
			sourceTree = "<group>";
		};
		14DECF042A3A6868005BC2AE /* Data */ = {
			isa = PBXGroup;
			children = (
				14CD51BE2A2FE3EE0018DE87 /* DittoService.swift */,
				112311FE2B3DBA0100A04E44 /* DittoExtensions.swift */,
				14DECF052A3A68B0005BC2AE /* Location.swift */,
				14DECF162A3CFF7D005BC2AE /* SaleItem.swift */,
				14DECF072A3A7F76005BC2AE /* Order.swift */,
				14DECF092A3B92D5005BC2AE /* Transaction.swift */,
				0E1E91AC2BA0FC9300046BC0 /* LogFileConfig.swift */,
			);
			path = Data;
			sourceTree = "<group>";
		};
		14DECF0B2A3BDC0A005BC2AE /* Settings */ = {
			isa = PBXGroup;
			children = (
				140421CE2B9AB6B700778C1B /* AdvancedSettings.swift */,
				148071172A8C2E9E0091EC03 /* DittoToolsListItem.swift */,
				14FFFEF02A43732400DD6806 /* SettingsModel.swift */,
				148071152A8C2E930091EC03 /* SettingsView.swift */,
			);
			path = Settings;
			sourceTree = "<group>";
		};
/* End PBXGroup section */

/* Begin PBXNativeTarget section */
		14CD51AC2A2FE2D50018DE87 /* DittoPOS */ = {
			isa = PBXNativeTarget;
			buildConfigurationList = 14CD51BB2A2FE2D60018DE87 /* Build configuration list for PBXNativeTarget "DittoPOS" */;
			buildPhases = (
				14CD51C32A2FE5290018DE87 /* Generate Env.swift */,
				14CD51A92A2FE2D50018DE87 /* Sources */,
				14CD51AA2A2FE2D50018DE87 /* Frameworks */,
				14CD51AB2A2FE2D50018DE87 /* Resources */,
			);
			buildRules = (
			);
			dependencies = (
			);
			name = DittoPOS;
			packageProductDependencies = (
				14CD51C52A2FE58E0018DE87 /* DittoObjC */,
				1435D5AE2A8EC7270046B661 /* DittoSwift */,
				0E1E919A2BA0E40800046BC0 /* DittoDataBrowser */,
				0E1E919C2BA0E40800046BC0 /* DittoDiskUsage */,
				0E1E919E2BA0E40800046BC0 /* DittoExportData */,
				0E1E91A02BA0E40800046BC0 /* DittoExportLogs */,
				0E1E91A22BA0E40800046BC0 /* DittoHeartbeat */,
				0E1E91A42BA0E40800046BC0 /* DittoPeersList */,
				0E1E91A62BA0E40800046BC0 /* DittoPermissionsHealth */,
				0E1E91A82BA0E40800046BC0 /* DittoPresenceDegradation */,
				0E1E91AA2BA0E40800046BC0 /* DittoPresenceViewer */,
			);
			productName = DittoPOS;
			productReference = 14CD51AD2A2FE2D50018DE87 /* DittoPOS.app */;
			productType = "com.apple.product-type.application";
		};
/* End PBXNativeTarget section */

/* Begin PBXProject section */
		14CD51A52A2FE2D50018DE87 /* Project object */ = {
			isa = PBXProject;
			attributes = {
				BuildIndependentTargetsInParallel = 1;
				LastSwiftUpdateCheck = 1430;
				LastUpgradeCheck = 1520;
				ORGANIZATIONNAME = "DittoLive Incorporated";
				TargetAttributes = {
					14CD51AC2A2FE2D50018DE87 = {
						CreatedOnToolsVersion = 14.3.1;
					};
				};
			};
			buildConfigurationList = 14CD51A82A2FE2D50018DE87 /* Build configuration list for PBXProject "DittoPOS" */;
			compatibilityVersion = "Xcode 14.0";
			developmentRegion = en;
			hasScannedForEncodings = 0;
			knownRegions = (
				en,
				Base,
			);
			mainGroup = 14CD51A42A2FE2D50018DE87;
			packageReferences = (
				14CD51C42A2FE58E0018DE87 /* XCRemoteSwiftPackageReference "DittoSwiftPackage" */,
				0E1E91992BA0E40800046BC0 /* XCRemoteSwiftPackageReference "DittoSwiftTools" */,
			);
			productRefGroup = 14CD51AE2A2FE2D50018DE87 /* Products */;
			projectDirPath = "";
			projectRoot = "";
			targets = (
				14CD51AC2A2FE2D50018DE87 /* DittoPOS */,
			);
		};
/* End PBXProject section */

/* Begin PBXResourcesBuildPhase section */
		14CD51AB2A2FE2D50018DE87 /* Resources */ = {
			isa = PBXResourcesBuildPhase;
			buildActionMask = 2147483647;
			files = (
				14CD51B82A2FE2D60018DE87 /* Preview Assets.xcassets in Resources */,
				14CD51B52A2FE2D60018DE87 /* Assets.xcassets in Resources */,
			);
			runOnlyForDeploymentPostprocessing = 0;
		};
/* End PBXResourcesBuildPhase section */

/* Begin PBXShellScriptBuildPhase section */
		14CD51C32A2FE5290018DE87 /* Generate Env.swift */ = {
			isa = PBXShellScriptBuildPhase;
			buildActionMask = 2147483647;
			files = (
			);
			inputFileListPaths = (
			);
			inputPaths = (
				"$(SRCROOT)/buildEnv.sh",
			);
			name = "Generate Env.swift";
			outputFileListPaths = (
			);
			outputPaths = (
				"$(DERIVED_FILE_DIR)/Env.swift",
			);
			runOnlyForDeploymentPostprocessing = 0;
			shellPath = /bin/sh;
			shellScript = "\"${SRCROOT}/buildEnv.sh\" \"${SRCROOT}/.env\" \"${SRCROOT}/${PROJECT}\"\n";
		};
/* End PBXShellScriptBuildPhase section */

/* Begin PBXSourcesBuildPhase section */
		14CD51A92A2FE2D50018DE87 /* Sources */ = {
			isa = PBXSourcesBuildPhase;
			buildActionMask = 2147483647;
			files = (
				14CD51B32A2FE2D50018DE87 /* MainView.swift in Sources */,
				1460E33D2A93DCC8007A2A6D /* KDS_VM.swift in Sources */,
				14DECF1D2A3D13D9005BC2AE /* POSOrderView.swift in Sources */,
				14CD51BF2A2FE3EE0018DE87 /* DittoService.swift in Sources */,
				14DECF0A2A3B92D5005BC2AE /* Transaction.swift in Sources */,
				149CABC62A32C43700729331 /* Env.swift in Sources */,
				112311FF2B3DBA0100A04E44 /* DittoExtensions.swift in Sources */,
				0E1E91AD2BA0FC9300046BC0 /* LogFileConfig.swift in Sources */,
				14DECF192A3D1254005BC2AE /* SaleItemView.swift in Sources */,
				140421CF2B9AB6B800778C1B /* AdvancedSettings.swift in Sources */,
				14DECF062A3A68B0005BC2AE /* Location.swift in Sources */,
				14AB43882AD71FE900E58566 /* CustomLocation.swift in Sources */,
				1414DEC22AA0F8D600D9CE87 /* KDSOrderItemView.swift in Sources */,
				14DECF172A3CFF7D005BC2AE /* SaleItem.swift in Sources */,
				14CD51B12A2FE2D50018DE87 /* DittoPOS.swift in Sources */,
				14039BF02A4789AE001903ED /* CurrencyUtils.swift in Sources */,
				1460E33B2A93DA5D007A2A6D /* KDSOrderView.swift in Sources */,
				14DECF1F2A3D13F0005BC2AE /* Utils.swift in Sources */,
				14DECF212A3D16DF005BC2AE /* KDSOrdersGridView.swift in Sources */,
				14DECF112A3BDC3A005BC2AE /* LocationsView.swift in Sources */,
				148071162A8C2E930091EC03 /* SettingsView.swift in Sources */,
				148071182A8C2E9E0091EC03 /* DittoToolsListItem.swift in Sources */,
				14DECF1B2A3D13CF005BC2AE /* POSGridView.swift in Sources */,
				14DECF152A3CCAB6005BC2AE /* POS_VM.swift in Sources */,
				14FFFEEF2A43639A00DD6806 /* POSOrderItemView.swift in Sources */,
				14DECF082A3A7F76005BC2AE /* Order.swift in Sources */,
				14AB43852AD713EF00E58566 /* CustomLocationScreen.swift in Sources */,
				14DECF0D2A3BDC27005BC2AE /* POSView.swift in Sources */,
				14FFFEF12A43732400DD6806 /* SettingsModel.swift in Sources */,
				14039BEE2A465F37001903ED /* POSOrderTotalView.swift in Sources */,
				14DECF0F2A3BDC31005BC2AE /* KDSView.swift in Sources */,
			);
			runOnlyForDeploymentPostprocessing = 0;
		};
/* End PBXSourcesBuildPhase section */

/* Begin XCBuildConfiguration section */
		14CD51B92A2FE2D60018DE87 /* Debug */ = {
			isa = XCBuildConfiguration;
			buildSettings = {
				ALWAYS_SEARCH_USER_PATHS = NO;
				ASSETCATALOG_COMPILER_GENERATE_SWIFT_ASSET_SYMBOL_EXTENSIONS = YES;
				CLANG_ANALYZER_NONNULL = YES;
				CLANG_ANALYZER_NUMBER_OBJECT_CONVERSION = YES_AGGRESSIVE;
				CLANG_CXX_LANGUAGE_STANDARD = "gnu++20";
				CLANG_ENABLE_MODULES = YES;
				CLANG_ENABLE_OBJC_ARC = YES;
				CLANG_ENABLE_OBJC_WEAK = YES;
				CLANG_WARN_BLOCK_CAPTURE_AUTORELEASING = YES;
				CLANG_WARN_BOOL_CONVERSION = YES;
				CLANG_WARN_COMMA = YES;
				CLANG_WARN_CONSTANT_CONVERSION = YES;
				CLANG_WARN_DEPRECATED_OBJC_IMPLEMENTATIONS = YES;
				CLANG_WARN_DIRECT_OBJC_ISA_USAGE = YES_ERROR;
				CLANG_WARN_DOCUMENTATION_COMMENTS = YES;
				CLANG_WARN_EMPTY_BODY = YES;
				CLANG_WARN_ENUM_CONVERSION = YES;
				CLANG_WARN_INFINITE_RECURSION = YES;
				CLANG_WARN_INT_CONVERSION = YES;
				CLANG_WARN_NON_LITERAL_NULL_CONVERSION = YES;
				CLANG_WARN_OBJC_IMPLICIT_RETAIN_SELF = YES;
				CLANG_WARN_OBJC_LITERAL_CONVERSION = YES;
				CLANG_WARN_OBJC_ROOT_CLASS = YES_ERROR;
				CLANG_WARN_QUOTED_INCLUDE_IN_FRAMEWORK_HEADER = YES;
				CLANG_WARN_RANGE_LOOP_ANALYSIS = YES;
				CLANG_WARN_STRICT_PROTOTYPES = YES;
				CLANG_WARN_SUSPICIOUS_MOVE = YES;
				CLANG_WARN_UNGUARDED_AVAILABILITY = YES_AGGRESSIVE;
				CLANG_WARN_UNREACHABLE_CODE = YES;
				CLANG_WARN__DUPLICATE_METHOD_MATCH = YES;
				COPY_PHASE_STRIP = NO;
				DEBUG_INFORMATION_FORMAT = dwarf;
				ENABLE_STRICT_OBJC_MSGSEND = YES;
				ENABLE_TESTABILITY = YES;
				ENABLE_USER_SCRIPT_SANDBOXING = YES;
				GCC_C_LANGUAGE_STANDARD = gnu11;
				GCC_DYNAMIC_NO_PIC = NO;
				GCC_NO_COMMON_BLOCKS = YES;
				GCC_OPTIMIZATION_LEVEL = 0;
				GCC_PREPROCESSOR_DEFINITIONS = (
					"DEBUG=1",
					"$(inherited)",
				);
				GCC_WARN_64_TO_32_BIT_CONVERSION = YES;
				GCC_WARN_ABOUT_RETURN_TYPE = YES_ERROR;
				GCC_WARN_UNDECLARED_SELECTOR = YES;
				GCC_WARN_UNINITIALIZED_AUTOS = YES_AGGRESSIVE;
				GCC_WARN_UNUSED_FUNCTION = YES;
				GCC_WARN_UNUSED_VARIABLE = YES;
				IPHONEOS_DEPLOYMENT_TARGET = 16.4;
				MTL_ENABLE_DEBUG_INFO = INCLUDE_SOURCE;
				MTL_FAST_MATH = YES;
				ONLY_ACTIVE_ARCH = YES;
				SDKROOT = iphoneos;
				SWIFT_ACTIVE_COMPILATION_CONDITIONS = DEBUG;
				SWIFT_OPTIMIZATION_LEVEL = "-Onone";
			};
			name = Debug;
		};
		14CD51BA2A2FE2D60018DE87 /* Release */ = {
			isa = XCBuildConfiguration;
			buildSettings = {
				ALWAYS_SEARCH_USER_PATHS = NO;
				ASSETCATALOG_COMPILER_GENERATE_SWIFT_ASSET_SYMBOL_EXTENSIONS = YES;
				CLANG_ANALYZER_NONNULL = YES;
				CLANG_ANALYZER_NUMBER_OBJECT_CONVERSION = YES_AGGRESSIVE;
				CLANG_CXX_LANGUAGE_STANDARD = "gnu++20";
				CLANG_ENABLE_MODULES = YES;
				CLANG_ENABLE_OBJC_ARC = YES;
				CLANG_ENABLE_OBJC_WEAK = YES;
				CLANG_WARN_BLOCK_CAPTURE_AUTORELEASING = YES;
				CLANG_WARN_BOOL_CONVERSION = YES;
				CLANG_WARN_COMMA = YES;
				CLANG_WARN_CONSTANT_CONVERSION = YES;
				CLANG_WARN_DEPRECATED_OBJC_IMPLEMENTATIONS = YES;
				CLANG_WARN_DIRECT_OBJC_ISA_USAGE = YES_ERROR;
				CLANG_WARN_DOCUMENTATION_COMMENTS = YES;
				CLANG_WARN_EMPTY_BODY = YES;
				CLANG_WARN_ENUM_CONVERSION = YES;
				CLANG_WARN_INFINITE_RECURSION = YES;
				CLANG_WARN_INT_CONVERSION = YES;
				CLANG_WARN_NON_LITERAL_NULL_CONVERSION = YES;
				CLANG_WARN_OBJC_IMPLICIT_RETAIN_SELF = YES;
				CLANG_WARN_OBJC_LITERAL_CONVERSION = YES;
				CLANG_WARN_OBJC_ROOT_CLASS = YES_ERROR;
				CLANG_WARN_QUOTED_INCLUDE_IN_FRAMEWORK_HEADER = YES;
				CLANG_WARN_RANGE_LOOP_ANALYSIS = YES;
				CLANG_WARN_STRICT_PROTOTYPES = YES;
				CLANG_WARN_SUSPICIOUS_MOVE = YES;
				CLANG_WARN_UNGUARDED_AVAILABILITY = YES_AGGRESSIVE;
				CLANG_WARN_UNREACHABLE_CODE = YES;
				CLANG_WARN__DUPLICATE_METHOD_MATCH = YES;
				COPY_PHASE_STRIP = NO;
				DEBUG_INFORMATION_FORMAT = "dwarf-with-dsym";
				ENABLE_NS_ASSERTIONS = NO;
				ENABLE_STRICT_OBJC_MSGSEND = YES;
				ENABLE_USER_SCRIPT_SANDBOXING = YES;
				GCC_C_LANGUAGE_STANDARD = gnu11;
				GCC_NO_COMMON_BLOCKS = YES;
				GCC_WARN_64_TO_32_BIT_CONVERSION = YES;
				GCC_WARN_ABOUT_RETURN_TYPE = YES_ERROR;
				GCC_WARN_UNDECLARED_SELECTOR = YES;
				GCC_WARN_UNINITIALIZED_AUTOS = YES_AGGRESSIVE;
				GCC_WARN_UNUSED_FUNCTION = YES;
				GCC_WARN_UNUSED_VARIABLE = YES;
				IPHONEOS_DEPLOYMENT_TARGET = 16.4;
				MTL_ENABLE_DEBUG_INFO = NO;
				MTL_FAST_MATH = YES;
				SDKROOT = iphoneos;
				SWIFT_COMPILATION_MODE = wholemodule;
				SWIFT_OPTIMIZATION_LEVEL = "-O";
				VALIDATE_PRODUCT = YES;
			};
			name = Release;
		};
		14CD51BC2A2FE2D60018DE87 /* Debug */ = {
			isa = XCBuildConfiguration;
			buildSettings = {
				ASSETCATALOG_COMPILER_APPICON_NAME = AppIcon;
				ASSETCATALOG_COMPILER_GLOBAL_ACCENT_COLOR_NAME = AccentColor;
				CODE_SIGN_STYLE = Automatic;
				CURRENT_PROJECT_VERSION = 1;
				DEVELOPMENT_ASSET_PATHS = "\"DittoPOS/Preview Content\"";
				DEVELOPMENT_TEAM = 3T2VMFZPPQ;
				ENABLE_PREVIEWS = YES;
				GENERATE_INFOPLIST_FILE = YES;
				INFOPLIST_FILE = DittoPOS/Info.plist;
				INFOPLIST_KEY_NSBluetoothAlwaysUsageDescription = "Uses Bluetooth to connect and sync with nearby devices";
				INFOPLIST_KEY_NSBluetoothPeripheralUsageDescription = "Uses Bluetooth to connect and sync with nearby devices";
				INFOPLIST_KEY_UIApplicationSceneManifest_Generation = YES;
				INFOPLIST_KEY_UIApplicationSupportsIndirectInputEvents = YES;
				INFOPLIST_KEY_UILaunchScreen_Generation = YES;
				INFOPLIST_KEY_UISupportedInterfaceOrientations_iPad = "UIInterfaceOrientationPortrait UIInterfaceOrientationPortraitUpsideDown UIInterfaceOrientationLandscapeLeft UIInterfaceOrientationLandscapeRight";
				INFOPLIST_KEY_UISupportedInterfaceOrientations_iPhone = "UIInterfaceOrientationPortrait UIInterfaceOrientationLandscapeLeft UIInterfaceOrientationLandscapeRight";
				IPHONEOS_DEPLOYMENT_TARGET = 16.0;
				LD_RUNPATH_SEARCH_PATHS = (
					"$(inherited)",
					"@executable_path/Frameworks",
				);
				MARKETING_VERSION = 1.0.3;
				PRODUCT_BUNDLE_IDENTIFIER = "live.ditto.skyservice-pos.crew";
				PRODUCT_NAME = "$(TARGET_NAME)";
				SUPPORTED_PLATFORMS = "iphoneos iphonesimulator";
				SUPPORTS_MACCATALYST = NO;
				SUPPORTS_MAC_DESIGNED_FOR_IPHONE_IPAD = NO;
				SUPPORTS_XR_DESIGNED_FOR_IPHONE_IPAD = NO;
				SWIFT_EMIT_LOC_STRINGS = YES;
				SWIFT_VERSION = 5.0;
				TARGETED_DEVICE_FAMILY = "1,2";
			};
			name = Debug;
		};
		14CD51BD2A2FE2D60018DE87 /* Release */ = {
			isa = XCBuildConfiguration;
			buildSettings = {
				ASSETCATALOG_COMPILER_APPICON_NAME = AppIcon;
				ASSETCATALOG_COMPILER_GLOBAL_ACCENT_COLOR_NAME = AccentColor;
				CODE_SIGN_STYLE = Automatic;
				CURRENT_PROJECT_VERSION = 1;
				DEVELOPMENT_ASSET_PATHS = "\"DittoPOS/Preview Content\"";
				DEVELOPMENT_TEAM = 3T2VMFZPPQ;
				ENABLE_PREVIEWS = YES;
				GENERATE_INFOPLIST_FILE = YES;
				INFOPLIST_FILE = DittoPOS/Info.plist;
				INFOPLIST_KEY_NSBluetoothAlwaysUsageDescription = "Uses Bluetooth to connect and sync with nearby devices";
				INFOPLIST_KEY_NSBluetoothPeripheralUsageDescription = "Uses Bluetooth to connect and sync with nearby devices";
				INFOPLIST_KEY_UIApplicationSceneManifest_Generation = YES;
				INFOPLIST_KEY_UIApplicationSupportsIndirectInputEvents = YES;
				INFOPLIST_KEY_UILaunchScreen_Generation = YES;
				INFOPLIST_KEY_UISupportedInterfaceOrientations_iPad = "UIInterfaceOrientationPortrait UIInterfaceOrientationPortraitUpsideDown UIInterfaceOrientationLandscapeLeft UIInterfaceOrientationLandscapeRight";
				INFOPLIST_KEY_UISupportedInterfaceOrientations_iPhone = "UIInterfaceOrientationPortrait UIInterfaceOrientationLandscapeLeft UIInterfaceOrientationLandscapeRight";
				IPHONEOS_DEPLOYMENT_TARGET = 16.0;
				LD_RUNPATH_SEARCH_PATHS = (
					"$(inherited)",
					"@executable_path/Frameworks",
				);
				MARKETING_VERSION = 1.0.3;
				PRODUCT_BUNDLE_IDENTIFIER = "live.ditto.skyservice-pos.crew";
				PRODUCT_NAME = "$(TARGET_NAME)";
				SUPPORTED_PLATFORMS = "iphoneos iphonesimulator";
				SUPPORTS_MACCATALYST = NO;
				SUPPORTS_MAC_DESIGNED_FOR_IPHONE_IPAD = NO;
				SUPPORTS_XR_DESIGNED_FOR_IPHONE_IPAD = NO;
				SWIFT_EMIT_LOC_STRINGS = YES;
				SWIFT_VERSION = 5.0;
				TARGETED_DEVICE_FAMILY = "1,2";
			};
			name = Release;
		};
/* End XCBuildConfiguration section */

/* Begin XCConfigurationList section */
		14CD51A82A2FE2D50018DE87 /* Build configuration list for PBXProject "DittoPOS" */ = {
			isa = XCConfigurationList;
			buildConfigurations = (
				14CD51B92A2FE2D60018DE87 /* Debug */,
				14CD51BA2A2FE2D60018DE87 /* Release */,
			);
			defaultConfigurationIsVisible = 0;
			defaultConfigurationName = Release;
		};
		14CD51BB2A2FE2D60018DE87 /* Build configuration list for PBXNativeTarget "DittoPOS" */ = {
			isa = XCConfigurationList;
			buildConfigurations = (
				14CD51BC2A2FE2D60018DE87 /* Debug */,
				14CD51BD2A2FE2D60018DE87 /* Release */,
			);
			defaultConfigurationIsVisible = 0;
			defaultConfigurationName = Release;
		};
/* End XCConfigurationList section */

/* Begin XCRemoteSwiftPackageReference section */
		0E1E91992BA0E40800046BC0 /* XCRemoteSwiftPackageReference "DittoSwiftTools" */ = {
			isa = XCRemoteSwiftPackageReference;
			repositoryURL = "https://github.com/getditto/DittoSwiftTools";
			requirement = {
				kind = upToNextMajorVersion;
				minimumVersion = 4.4.0;
			};
		};
		14CD51C42A2FE58E0018DE87 /* XCRemoteSwiftPackageReference "DittoSwiftPackage" */ = {
			isa = XCRemoteSwiftPackageReference;
			repositoryURL = "https://github.com/getditto/DittoSwiftPackage";
			requirement = {
				kind = upToNextMajorVersion;
				minimumVersion = 4.5.4;
			};
		};
/* End XCRemoteSwiftPackageReference section */

/* Begin XCSwiftPackageProductDependency section */
		0E1E919A2BA0E40800046BC0 /* DittoDataBrowser */ = {
			isa = XCSwiftPackageProductDependency;
			package = 0E1E91992BA0E40800046BC0 /* XCRemoteSwiftPackageReference "DittoSwiftTools" */;
			productName = DittoDataBrowser;
		};
		0E1E919C2BA0E40800046BC0 /* DittoDiskUsage */ = {
			isa = XCSwiftPackageProductDependency;
			package = 0E1E91992BA0E40800046BC0 /* XCRemoteSwiftPackageReference "DittoSwiftTools" */;
			productName = DittoDiskUsage;
		};
		0E1E919E2BA0E40800046BC0 /* DittoExportData */ = {
			isa = XCSwiftPackageProductDependency;
			package = 0E1E91992BA0E40800046BC0 /* XCRemoteSwiftPackageReference "DittoSwiftTools" */;
			productName = DittoExportData;
		};
		0E1E91A02BA0E40800046BC0 /* DittoExportLogs */ = {
			isa = XCSwiftPackageProductDependency;
			package = 0E1E91992BA0E40800046BC0 /* XCRemoteSwiftPackageReference "DittoSwiftTools" */;
			productName = DittoExportLogs;
		};
		0E1E91A22BA0E40800046BC0 /* DittoHeartbeat */ = {
			isa = XCSwiftPackageProductDependency;
			package = 0E1E91992BA0E40800046BC0 /* XCRemoteSwiftPackageReference "DittoSwiftTools" */;
			productName = DittoHeartbeat;
		};
		0E1E91A42BA0E40800046BC0 /* DittoPeersList */ = {
			isa = XCSwiftPackageProductDependency;
			package = 0E1E91992BA0E40800046BC0 /* XCRemoteSwiftPackageReference "DittoSwiftTools" */;
			productName = DittoPeersList;
		};
		0E1E91A62BA0E40800046BC0 /* DittoPermissionsHealth */ = {
			isa = XCSwiftPackageProductDependency;
			package = 0E1E91992BA0E40800046BC0 /* XCRemoteSwiftPackageReference "DittoSwiftTools" */;
			productName = DittoPermissionsHealth;
		};
		0E1E91A82BA0E40800046BC0 /* DittoPresenceDegradation */ = {
			isa = XCSwiftPackageProductDependency;
			package = 0E1E91992BA0E40800046BC0 /* XCRemoteSwiftPackageReference "DittoSwiftTools" */;
			productName = DittoPresenceDegradation;
		};
		0E1E91AA2BA0E40800046BC0 /* DittoPresenceViewer */ = {
			isa = XCSwiftPackageProductDependency;
			package = 0E1E91992BA0E40800046BC0 /* XCRemoteSwiftPackageReference "DittoSwiftTools" */;
			productName = DittoPresenceViewer;
		};
		1435D5AE2A8EC7270046B661 /* DittoSwift */ = {
			isa = XCSwiftPackageProductDependency;
			package = 14CD51C42A2FE58E0018DE87 /* XCRemoteSwiftPackageReference "DittoSwiftPackage" */;
			productName = DittoSwift;
		};
		14CD51C52A2FE58E0018DE87 /* DittoObjC */ = {
			isa = XCSwiftPackageProductDependency;
			package = 14CD51C42A2FE58E0018DE87 /* XCRemoteSwiftPackageReference "DittoSwiftPackage" */;
			productName = DittoObjC;
		};
/* End XCSwiftPackageProductDependency section */
	};
	rootObject = 14CD51A52A2FE2D50018DE87 /* Project object */;
}
